
Microsoft Visual Studio Solution File, Format Version 12.00
# Visual Studio 15
VisualStudioVersion = 15.0.26730.12
MinimumVisualStudioVersion = 10.0.40219.1
Project("{FAE04EC0-301F-11D3-BF4B-00C04F79EFBC}") = "Beadando", "beadando_buy8qd\Beadando.csproj", "{204748B9-E0BD-45B8-A779-0915FF6B318A}"
EndProject
Global
	GlobalSection(SolutionConfigurationPlatforms) = preSolution
		Debug|Any CPU = Debug|Any CPU
		Release|Any CPU = Release|Any CPU
	EndGlobalSection
	GlobalSection(ProjectConfigurationPlatforms) = postSolution
		{204748B9-E0BD-45B8-A779-0915FF6B318A}.Debug|Any CPU.ActiveCfg = Debug|Any CPU
		{204748B9-E0BD-45B8-A779-0915FF6B318A}.Debug|Any CPU.Build.0 = Debug|Any CPU
		{204748B9-E0BD-45B8-A779-0915FF6B318A}.Release|Any CPU.ActiveCfg = Release|Any CPU
		{204748B9-E0BD-45B8-A779-0915FF6B318A}.Release|Any CPU.Build.0 = Release|Any CPU
	EndGlobalSection
	GlobalSection(SolutionProperties) = preSolution
		HideSolutionNode = FALSE
	EndGlobalSection
	GlobalSection(ExtensibilityGlobals) = postSolution
		SolutionGuid = {9B685341-0EB3-4FD6-A21A-5876FB109ECE}
	EndGlobalSection
EndGlobal
